// !$*UTF8*$!
{
	archiveVersion = 1;
	classes = {
	};
	objectVersion = 51;
	objects = {

/* Begin PBXBuildFile section */
		3E579DF4256CFAE40063F3C6 /* AppDelegate.swift in Sources */ = {isa = PBXBuildFile; fileRef = 3E579DF3256CFAE40063F3C6 /* AppDelegate.swift */; };
		3E579DF6256CFAE40063F3C6 /* SceneDelegate.swift in Sources */ = {isa = PBXBuildFile; fileRef = 3E579DF5256CFAE40063F3C6 /* SceneDelegate.swift */; };
		3E579DF8256CFAE40063F3C6 /* ViewController.swift in Sources */ = {isa = PBXBuildFile; fileRef = 3E579DF7256CFAE40063F3C6 /* ViewController.swift */; };
		3E579DFB256CFAE40063F3C6 /* Main.storyboard in Resources */ = {isa = PBXBuildFile; fileRef = 3E579DF9256CFAE40063F3C6 /* Main.storyboard */; };
		3E579DFD256CFAE60063F3C6 /* Assets.xcassets in Resources */ = {isa = PBXBuildFile; fileRef = 3E579DFC256CFAE60063F3C6 /* Assets.xcassets */; };
		3E579E00256CFAE60063F3C6 /* LaunchScreen.storyboard in Resources */ = {isa = PBXBuildFile; fileRef = 3E579DFE256CFAE60063F3C6 /* LaunchScreen.storyboard */; };
		3E579E0B256CFAE60063F3C6 /* petMatchTests.swift in Sources */ = {isa = PBXBuildFile; fileRef = 3E579E0A256CFAE60063F3C6 /* petMatchTests.swift */; };
		3E579E16256CFAE60063F3C6 /* petMatchUITests.swift in Sources */ = {isa = PBXBuildFile; fileRef = 3E579E15256CFAE60063F3C6 /* petMatchUITests.swift */; };
		99773783F24AB690350CCBCB /* Pods_petMatchTests.framework in Frameworks */ = {isa = PBXBuildFile; fileRef = 472B7A69E3CDE2780DE09524 /* Pods_petMatchTests.framework */; };
		B0155E99D15F7D605468A8D6 /* Pods_petMatch_petMatchUITests.framework in Frameworks */ = {isa = PBXBuildFile; fileRef = 7CF8B86405A87634D0D463B6 /* Pods_petMatch_petMatchUITests.framework */; };
		B7532B0E257079EB004C1BAC /* LoginViewController.swift in Sources */ = {isa = PBXBuildFile; fileRef = B7532B0D257079EB004C1BAC /* LoginViewController.swift */; };
		B774B0472571BAB60084C736 /* PetPreferencesViewController.swift in Sources */ = {isa = PBXBuildFile; fileRef = B774B0462571BAB60084C736 /* PetPreferencesViewController.swift */; };
		FCC130659167DAD44EE75964 /* Pods_petMatch.framework in Frameworks */ = {isa = PBXBuildFile; fileRef = 6707453560FF73154A93E44C /* Pods_petMatch.framework */; };
/* End PBXBuildFile section */

/* Begin PBXContainerItemProxy section */
		3E579E07256CFAE60063F3C6 /* PBXContainerItemProxy */ = {
			isa = PBXContainerItemProxy;
			containerPortal = 3E579DE8256CFAE40063F3C6 /* Project object */;
			proxyType = 1;
			remoteGlobalIDString = 3E579DEF256CFAE40063F3C6;
			remoteInfo = petMatch;
		};
		3E579E12256CFAE60063F3C6 /* PBXContainerItemProxy */ = {
			isa = PBXContainerItemProxy;
			containerPortal = 3E579DE8256CFAE40063F3C6 /* Project object */;
			proxyType = 1;
			remoteGlobalIDString = 3E579DEF256CFAE40063F3C6;
			remoteInfo = petMatch;
		};
/* End PBXContainerItemProxy section */

/* Begin PBXFileReference section */
		106939F0CEAA8F872A71D985 /* Pods-petMatchTests.release.xcconfig */ = {isa = PBXFileReference; includeInIndex = 1; lastKnownFileType = text.xcconfig; name = "Pods-petMatchTests.release.xcconfig"; path = "Target Support Files/Pods-petMatchTests/Pods-petMatchTests.release.xcconfig"; sourceTree = "<group>"; };
		21952210386FCB1DD7733F2E /* Pods-petMatchTests.debug.xcconfig */ = {isa = PBXFileReference; includeInIndex = 1; lastKnownFileType = text.xcconfig; name = "Pods-petMatchTests.debug.xcconfig"; path = "Target Support Files/Pods-petMatchTests/Pods-petMatchTests.debug.xcconfig"; sourceTree = "<group>"; };
		280459D1E3D7CCB75A12CE70 /* Pods-petMatch.debug.xcconfig */ = {isa = PBXFileReference; includeInIndex = 1; lastKnownFileType = text.xcconfig; name = "Pods-petMatch.debug.xcconfig"; path = "Target Support Files/Pods-petMatch/Pods-petMatch.debug.xcconfig"; sourceTree = "<group>"; };
		3E579DF0256CFAE40063F3C6 /* petMatch.app */ = {isa = PBXFileReference; explicitFileType = wrapper.application; includeInIndex = 0; path = petMatch.app; sourceTree = BUILT_PRODUCTS_DIR; };
		3E579DF3256CFAE40063F3C6 /* AppDelegate.swift */ = {isa = PBXFileReference; lastKnownFileType = sourcecode.swift; path = AppDelegate.swift; sourceTree = "<group>"; };
		3E579DF5256CFAE40063F3C6 /* SceneDelegate.swift */ = {isa = PBXFileReference; lastKnownFileType = sourcecode.swift; path = SceneDelegate.swift; sourceTree = "<group>"; };
		3E579DF7256CFAE40063F3C6 /* ViewController.swift */ = {isa = PBXFileReference; lastKnownFileType = sourcecode.swift; path = ViewController.swift; sourceTree = "<group>"; };
		3E579DFA256CFAE40063F3C6 /* Base */ = {isa = PBXFileReference; lastKnownFileType = file.storyboard; name = Base; path = Base.lproj/Main.storyboard; sourceTree = "<group>"; };
		3E579DFC256CFAE60063F3C6 /* Assets.xcassets */ = {isa = PBXFileReference; lastKnownFileType = folder.assetcatalog; path = Assets.xcassets; sourceTree = "<group>"; };
		3E579DFF256CFAE60063F3C6 /* Base */ = {isa = PBXFileReference; lastKnownFileType = file.storyboard; name = Base; path = Base.lproj/LaunchScreen.storyboard; sourceTree = "<group>"; };
		3E579E01256CFAE60063F3C6 /* Info.plist */ = {isa = PBXFileReference; lastKnownFileType = text.plist.xml; path = Info.plist; sourceTree = "<group>"; };
		3E579E06256CFAE60063F3C6 /* petMatchTests.xctest */ = {isa = PBXFileReference; explicitFileType = wrapper.cfbundle; includeInIndex = 0; path = petMatchTests.xctest; sourceTree = BUILT_PRODUCTS_DIR; };
		3E579E0A256CFAE60063F3C6 /* petMatchTests.swift */ = {isa = PBXFileReference; lastKnownFileType = sourcecode.swift; path = petMatchTests.swift; sourceTree = "<group>"; };
		3E579E0C256CFAE60063F3C6 /* Info.plist */ = {isa = PBXFileReference; lastKnownFileType = text.plist.xml; path = Info.plist; sourceTree = "<group>"; };
		3E579E11256CFAE60063F3C6 /* petMatchUITests.xctest */ = {isa = PBXFileReference; explicitFileType = wrapper.cfbundle; includeInIndex = 0; path = petMatchUITests.xctest; sourceTree = BUILT_PRODUCTS_DIR; };
		3E579E15256CFAE60063F3C6 /* petMatchUITests.swift */ = {isa = PBXFileReference; lastKnownFileType = sourcecode.swift; path = petMatchUITests.swift; sourceTree = "<group>"; };
		3E579E17256CFAE60063F3C6 /* Info.plist */ = {isa = PBXFileReference; lastKnownFileType = text.plist.xml; path = Info.plist; sourceTree = "<group>"; };
		472B7A69E3CDE2780DE09524 /* Pods_petMatchTests.framework */ = {isa = PBXFileReference; explicitFileType = wrapper.framework; includeInIndex = 0; path = Pods_petMatchTests.framework; sourceTree = BUILT_PRODUCTS_DIR; };
		5107249155BE311A1FD35D6E /* Pods-petMatch-petMatchUITests.release.xcconfig */ = {isa = PBXFileReference; includeInIndex = 1; lastKnownFileType = text.xcconfig; name = "Pods-petMatch-petMatchUITests.release.xcconfig"; path = "Target Support Files/Pods-petMatch-petMatchUITests/Pods-petMatch-petMatchUITests.release.xcconfig"; sourceTree = "<group>"; };
		6459998EAC7CDF6FB921C732 /* Pods-petMatch.release.xcconfig */ = {isa = PBXFileReference; includeInIndex = 1; lastKnownFileType = text.xcconfig; name = "Pods-petMatch.release.xcconfig"; path = "Target Support Files/Pods-petMatch/Pods-petMatch.release.xcconfig"; sourceTree = "<group>"; };
		6707453560FF73154A93E44C /* Pods_petMatch.framework */ = {isa = PBXFileReference; explicitFileType = wrapper.framework; includeInIndex = 0; path = Pods_petMatch.framework; sourceTree = BUILT_PRODUCTS_DIR; };
		7CF8B86405A87634D0D463B6 /* Pods_petMatch_petMatchUITests.framework */ = {isa = PBXFileReference; explicitFileType = wrapper.framework; includeInIndex = 0; path = Pods_petMatch_petMatchUITests.framework; sourceTree = BUILT_PRODUCTS_DIR; };
		A75671E040C928E48E49F979 /* Pods-petMatch-petMatchUITests.debug.xcconfig */ = {isa = PBXFileReference; includeInIndex = 1; lastKnownFileType = text.xcconfig; name = "Pods-petMatch-petMatchUITests.debug.xcconfig"; path = "Target Support Files/Pods-petMatch-petMatchUITests/Pods-petMatch-petMatchUITests.debug.xcconfig"; sourceTree = "<group>"; };
		B7532B0D257079EB004C1BAC /* LoginViewController.swift */ = {isa = PBXFileReference; lastKnownFileType = sourcecode.swift; path = LoginViewController.swift; sourceTree = "<group>"; };
		B774B0462571BAB60084C736 /* PetPreferencesViewController.swift */ = {isa = PBXFileReference; lastKnownFileType = sourcecode.swift; path = PetPreferencesViewController.swift; sourceTree = "<group>"; };
/* End PBXFileReference section */

/* Begin PBXFrameworksBuildPhase section */
		3E579DED256CFAE40063F3C6 /* Frameworks */ = {
			isa = PBXFrameworksBuildPhase;
			buildActionMask = 2147483647;
			files = (
				FCC130659167DAD44EE75964 /* Pods_petMatch.framework in Frameworks */,
			);
			runOnlyForDeploymentPostprocessing = 0;
		};
		3E579E03256CFAE60063F3C6 /* Frameworks */ = {
			isa = PBXFrameworksBuildPhase;
			buildActionMask = 2147483647;
			files = (
				99773783F24AB690350CCBCB /* Pods_petMatchTests.framework in Frameworks */,
			);
			runOnlyForDeploymentPostprocessing = 0;
		};
		3E579E0E256CFAE60063F3C6 /* Frameworks */ = {
			isa = PBXFrameworksBuildPhase;
			buildActionMask = 2147483647;
			files = (
				B0155E99D15F7D605468A8D6 /* Pods_petMatch_petMatchUITests.framework in Frameworks */,
			);
			runOnlyForDeploymentPostprocessing = 0;
		};
/* End PBXFrameworksBuildPhase section */

/* Begin PBXGroup section */
		3E579DE7256CFAE40063F3C6 = {
			isa = PBXGroup;
			children = (
				3E579DF2256CFAE40063F3C6 /* petMatch */,
				3E579E09256CFAE60063F3C6 /* petMatchTests */,
				3E579E14256CFAE60063F3C6 /* petMatchUITests */,
				3E579DF1256CFAE40063F3C6 /* Products */,
				4690551608387C2CE5B5B9E4 /* Pods */,
				912CBA846FBCA5BA36EFA7E6 /* Frameworks */,
			);
			sourceTree = "<group>";
		};
		3E579DF1256CFAE40063F3C6 /* Products */ = {
			isa = PBXGroup;
			children = (
				3E579DF0256CFAE40063F3C6 /* petMatch.app */,
				3E579E06256CFAE60063F3C6 /* petMatchTests.xctest */,
				3E579E11256CFAE60063F3C6 /* petMatchUITests.xctest */,
			);
			name = Products;
			sourceTree = "<group>";
		};
		3E579DF2256CFAE40063F3C6 /* petMatch */ = {
			isa = PBXGroup;
			children = (
				3E579DF3256CFAE40063F3C6 /* AppDelegate.swift */,
				3E579DF5256CFAE40063F3C6 /* SceneDelegate.swift */,
				3E579DF7256CFAE40063F3C6 /* ViewController.swift */,
				3E579DF9256CFAE40063F3C6 /* Main.storyboard */,
				3E579DFC256CFAE60063F3C6 /* Assets.xcassets */,
				3E579DFE256CFAE60063F3C6 /* LaunchScreen.storyboard */,
				3E579E01256CFAE60063F3C6 /* Info.plist */,
				B7532B0D257079EB004C1BAC /* LoginViewController.swift */,
				B774B0462571BAB60084C736 /* PetPreferencesViewController.swift */,
			);
			path = petMatch;
			sourceTree = "<group>";
		};
		3E579E09256CFAE60063F3C6 /* petMatchTests */ = {
			isa = PBXGroup;
			children = (
				3E579E0A256CFAE60063F3C6 /* petMatchTests.swift */,
				3E579E0C256CFAE60063F3C6 /* Info.plist */,
			);
			path = petMatchTests;
			sourceTree = "<group>";
		};
		3E579E14256CFAE60063F3C6 /* petMatchUITests */ = {
			isa = PBXGroup;
			children = (
				3E579E15256CFAE60063F3C6 /* petMatchUITests.swift */,
				3E579E17256CFAE60063F3C6 /* Info.plist */,
			);
			path = petMatchUITests;
			sourceTree = "<group>";
		};
		4690551608387C2CE5B5B9E4 /* Pods */ = {
			isa = PBXGroup;
			children = (
				280459D1E3D7CCB75A12CE70 /* Pods-petMatch.debug.xcconfig */,
				6459998EAC7CDF6FB921C732 /* Pods-petMatch.release.xcconfig */,
				A75671E040C928E48E49F979 /* Pods-petMatch-petMatchUITests.debug.xcconfig */,
				5107249155BE311A1FD35D6E /* Pods-petMatch-petMatchUITests.release.xcconfig */,
				21952210386FCB1DD7733F2E /* Pods-petMatchTests.debug.xcconfig */,
				106939F0CEAA8F872A71D985 /* Pods-petMatchTests.release.xcconfig */,
			);
			path = Pods;
			sourceTree = "<group>";
		};
		912CBA846FBCA5BA36EFA7E6 /* Frameworks */ = {
			isa = PBXGroup;
			children = (
				6707453560FF73154A93E44C /* Pods_petMatch.framework */,
				7CF8B86405A87634D0D463B6 /* Pods_petMatch_petMatchUITests.framework */,
				472B7A69E3CDE2780DE09524 /* Pods_petMatchTests.framework */,
			);
			name = Frameworks;
			sourceTree = "<group>";
		};
/* End PBXGroup section */

/* Begin PBXNativeTarget section */
		3E579DEF256CFAE40063F3C6 /* petMatch */ = {
			isa = PBXNativeTarget;
			buildConfigurationList = 3E579E1A256CFAE60063F3C6 /* Build configuration list for PBXNativeTarget "petMatch" */;
			buildPhases = (
				1B7247EE071CE20FEEB12339 /* [CP] Check Pods Manifest.lock */,
				3E579DEC256CFAE40063F3C6 /* Sources */,
				3E579DED256CFAE40063F3C6 /* Frameworks */,
				3E579DEE256CFAE40063F3C6 /* Resources */,
				B548506C9E80E51A7E29008E /* [CP] Embed Pods Frameworks */,
			);
			buildRules = (
			);
			dependencies = (
			);
			name = petMatch;
			productName = petMatch;
			productReference = 3E579DF0256CFAE40063F3C6 /* petMatch.app */;
			productType = "com.apple.product-type.application";
		};
		3E579E05256CFAE60063F3C6 /* petMatchTests */ = {
			isa = PBXNativeTarget;
			buildConfigurationList = 3E579E1D256CFAE60063F3C6 /* Build configuration list for PBXNativeTarget "petMatchTests" */;
			buildPhases = (
				1C2974019FAC0E4DC3DFB303 /* [CP] Check Pods Manifest.lock */,
				3E579E02256CFAE60063F3C6 /* Sources */,
				3E579E03256CFAE60063F3C6 /* Frameworks */,
				3E579E04256CFAE60063F3C6 /* Resources */,
			);
			buildRules = (
			);
			dependencies = (
				3E579E08256CFAE60063F3C6 /* PBXTargetDependency */,
			);
			name = petMatchTests;
			productName = petMatchTests;
			productReference = 3E579E06256CFAE60063F3C6 /* petMatchTests.xctest */;
			productType = "com.apple.product-type.bundle.unit-test";
		};
		3E579E10256CFAE60063F3C6 /* petMatchUITests */ = {
			isa = PBXNativeTarget;
			buildConfigurationList = 3E579E20256CFAE60063F3C6 /* Build configuration list for PBXNativeTarget "petMatchUITests" */;
			buildPhases = (
				E51F86BBB06E5B0E7C22D45E /* [CP] Check Pods Manifest.lock */,
				3E579E0D256CFAE60063F3C6 /* Sources */,
				3E579E0E256CFAE60063F3C6 /* Frameworks */,
				3E579E0F256CFAE60063F3C6 /* Resources */,
				F00508110494E14161553F3A /* [CP] Embed Pods Frameworks */,
			);
			buildRules = (
			);
			dependencies = (
				3E579E13256CFAE60063F3C6 /* PBXTargetDependency */,
			);
			name = petMatchUITests;
			productName = petMatchUITests;
			productReference = 3E579E11256CFAE60063F3C6 /* petMatchUITests.xctest */;
			productType = "com.apple.product-type.bundle.ui-testing";
		};
/* End PBXNativeTarget section */

/* Begin PBXProject section */
		3E579DE8256CFAE40063F3C6 /* Project object */ = {
			isa = PBXProject;
			attributes = {
				LastSwiftUpdateCheck = 1220;
				LastUpgradeCheck = 1220;
				TargetAttributes = {
					3E579DEF256CFAE40063F3C6 = {
						CreatedOnToolsVersion = 12.2;
					};
					3E579E05256CFAE60063F3C6 = {
						CreatedOnToolsVersion = 12.2;
						TestTargetID = 3E579DEF256CFAE40063F3C6;
					};
					3E579E10256CFAE60063F3C6 = {
						CreatedOnToolsVersion = 12.2;
						TestTargetID = 3E579DEF256CFAE40063F3C6;
					};
				};
			};
			buildConfigurationList = 3E579DEB256CFAE40063F3C6 /* Build configuration list for PBXProject "petMatch" */;
			compatibilityVersion = "Xcode 9.3";
			developmentRegion = en;
			hasScannedForEncodings = 0;
			knownRegions = (
				en,
				Base,
			);
			mainGroup = 3E579DE7256CFAE40063F3C6;
			productRefGroup = 3E579DF1256CFAE40063F3C6 /* Products */;
			projectDirPath = "";
			projectRoot = "";
			targets = (
				3E579DEF256CFAE40063F3C6 /* petMatch */,
				3E579E05256CFAE60063F3C6 /* petMatchTests */,
				3E579E10256CFAE60063F3C6 /* petMatchUITests */,
			);
		};
/* End PBXProject section */

/* Begin PBXResourcesBuildPhase section */
		3E579DEE256CFAE40063F3C6 /* Resources */ = {
			isa = PBXResourcesBuildPhase;
			buildActionMask = 2147483647;
			files = (
				3E579E00256CFAE60063F3C6 /* LaunchScreen.storyboard in Resources */,
				3E579DFD256CFAE60063F3C6 /* Assets.xcassets in Resources */,
				3E579DFB256CFAE40063F3C6 /* Main.storyboard in Resources */,
			);
			runOnlyForDeploymentPostprocessing = 0;
		};
		3E579E04256CFAE60063F3C6 /* Resources */ = {
			isa = PBXResourcesBuildPhase;
			buildActionMask = 2147483647;
			files = (
			);
			runOnlyForDeploymentPostprocessing = 0;
		};
		3E579E0F256CFAE60063F3C6 /* Resources */ = {
			isa = PBXResourcesBuildPhase;
			buildActionMask = 2147483647;
			files = (
			);
			runOnlyForDeploymentPostprocessing = 0;
		};
/* End PBXResourcesBuildPhase section */

/* Begin PBXShellScriptBuildPhase section */
		1B7247EE071CE20FEEB12339 /* [CP] Check Pods Manifest.lock */ = {
			isa = PBXShellScriptBuildPhase;
			buildActionMask = 2147483647;
			files = (
			);
			inputFileListPaths = (
			);
			inputPaths = (
				"${PODS_PODFILE_DIR_PATH}/Podfile.lock",
				"${PODS_ROOT}/Manifest.lock",
			);
			name = "[CP] Check Pods Manifest.lock";
			outputFileListPaths = (
			);
			outputPaths = (
				"$(DERIVED_FILE_DIR)/Pods-petMatch-checkManifestLockResult.txt",
			);
			runOnlyForDeploymentPostprocessing = 0;
			shellPath = /bin/sh;
			shellScript = "diff \"${PODS_PODFILE_DIR_PATH}/Podfile.lock\" \"${PODS_ROOT}/Manifest.lock\" > /dev/null\nif [ $? != 0 ] ; then\n    # print error to STDERR\n    echo \"error: The sandbox is not in sync with the Podfile.lock. Run 'pod install' or update your CocoaPods installation.\" >&2\n    exit 1\nfi\n# This output is used by Xcode 'outputs' to avoid re-running this script phase.\necho \"SUCCESS\" > \"${SCRIPT_OUTPUT_FILE_0}\"\n";
			showEnvVarsInLog = 0;
		};
		1C2974019FAC0E4DC3DFB303 /* [CP] Check Pods Manifest.lock */ = {
			isa = PBXShellScriptBuildPhase;
			buildActionMask = 2147483647;
			files = (
			);
			inputFileListPaths = (
			);
			inputPaths = (
				"${PODS_PODFILE_DIR_PATH}/Podfile.lock",
				"${PODS_ROOT}/Manifest.lock",
			);
			name = "[CP] Check Pods Manifest.lock";
			outputFileListPaths = (
			);
			outputPaths = (
				"$(DERIVED_FILE_DIR)/Pods-petMatchTests-checkManifestLockResult.txt",
			);
			runOnlyForDeploymentPostprocessing = 0;
			shellPath = /bin/sh;
			shellScript = "diff \"${PODS_PODFILE_DIR_PATH}/Podfile.lock\" \"${PODS_ROOT}/Manifest.lock\" > /dev/null\nif [ $? != 0 ] ; then\n    # print error to STDERR\n    echo \"error: The sandbox is not in sync with the Podfile.lock. Run 'pod install' or update your CocoaPods installation.\" >&2\n    exit 1\nfi\n# This output is used by Xcode 'outputs' to avoid re-running this script phase.\necho \"SUCCESS\" > \"${SCRIPT_OUTPUT_FILE_0}\"\n";
			showEnvVarsInLog = 0;
		};
		B548506C9E80E51A7E29008E /* [CP] Embed Pods Frameworks */ = {
			isa = PBXShellScriptBuildPhase;
			buildActionMask = 2147483647;
			files = (
			);
			inputFileListPaths = (
				"${PODS_ROOT}/Target Support Files/Pods-petMatch/Pods-petMatch-frameworks-${CONFIGURATION}-input-files.xcfilelist",
			);
			name = "[CP] Embed Pods Frameworks";
			outputFileListPaths = (
				"${PODS_ROOT}/Target Support Files/Pods-petMatch/Pods-petMatch-frameworks-${CONFIGURATION}-output-files.xcfilelist",
			);
			runOnlyForDeploymentPostprocessing = 0;
			shellPath = /bin/sh;
			shellScript = "\"${PODS_ROOT}/Target Support Files/Pods-petMatch/Pods-petMatch-frameworks.sh\"\n";
			showEnvVarsInLog = 0;
		};
		E51F86BBB06E5B0E7C22D45E /* [CP] Check Pods Manifest.lock */ = {
			isa = PBXShellScriptBuildPhase;
			buildActionMask = 2147483647;
			files = (
			);
			inputFileListPaths = (
			);
			inputPaths = (
				"${PODS_PODFILE_DIR_PATH}/Podfile.lock",
				"${PODS_ROOT}/Manifest.lock",
			);
			name = "[CP] Check Pods Manifest.lock";
			outputFileListPaths = (
			);
			outputPaths = (
				"$(DERIVED_FILE_DIR)/Pods-petMatch-petMatchUITests-checkManifestLockResult.txt",
			);
			runOnlyForDeploymentPostprocessing = 0;
			shellPath = /bin/sh;
			shellScript = "diff \"${PODS_PODFILE_DIR_PATH}/Podfile.lock\" \"${PODS_ROOT}/Manifest.lock\" > /dev/null\nif [ $? != 0 ] ; then\n    # print error to STDERR\n    echo \"error: The sandbox is not in sync with the Podfile.lock. Run 'pod install' or update your CocoaPods installation.\" >&2\n    exit 1\nfi\n# This output is used by Xcode 'outputs' to avoid re-running this script phase.\necho \"SUCCESS\" > \"${SCRIPT_OUTPUT_FILE_0}\"\n";
			showEnvVarsInLog = 0;
		};
		F00508110494E14161553F3A /* [CP] Embed Pods Frameworks */ = {
			isa = PBXShellScriptBuildPhase;
			buildActionMask = 2147483647;
			files = (
			);
			inputFileListPaths = (
				"${PODS_ROOT}/Target Support Files/Pods-petMatch-petMatchUITests/Pods-petMatch-petMatchUITests-frameworks-${CONFIGURATION}-input-files.xcfilelist",
			);
			name = "[CP] Embed Pods Frameworks";
			outputFileListPaths = (
				"${PODS_ROOT}/Target Support Files/Pods-petMatch-petMatchUITests/Pods-petMatch-petMatchUITests-frameworks-${CONFIGURATION}-output-files.xcfilelist",
			);
			runOnlyForDeploymentPostprocessing = 0;
			shellPath = /bin/sh;
			shellScript = "\"${PODS_ROOT}/Target Support Files/Pods-petMatch-petMatchUITests/Pods-petMatch-petMatchUITests-frameworks.sh\"\n";
			showEnvVarsInLog = 0;
		};
/* End PBXShellScriptBuildPhase section */

/* Begin PBXSourcesBuildPhase section */
		3E579DEC256CFAE40063F3C6 /* Sources */ = {
			isa = PBXSourcesBuildPhase;
			buildActionMask = 2147483647;
			files = (
				B7532B0E257079EB004C1BAC /* LoginViewController.swift in Sources */,
				3E579DF8256CFAE40063F3C6 /* ViewController.swift in Sources */,
				B774B0472571BAB60084C736 /* PetPreferencesViewController.swift in Sources */,
				3E579DF4256CFAE40063F3C6 /* AppDelegate.swift in Sources */,
				3E579DF6256CFAE40063F3C6 /* SceneDelegate.swift in Sources */,
			);
			runOnlyForDeploymentPostprocessing = 0;
		};
		3E579E02256CFAE60063F3C6 /* Sources */ = {
			isa = PBXSourcesBuildPhase;
			buildActionMask = 2147483647;
			files = (
				3E579E0B256CFAE60063F3C6 /* petMatchTests.swift in Sources */,
			);
			runOnlyForDeploymentPostprocessing = 0;
		};
		3E579E0D256CFAE60063F3C6 /* Sources */ = {
			isa = PBXSourcesBuildPhase;
			buildActionMask = 2147483647;
			files = (
				3E579E16256CFAE60063F3C6 /* petMatchUITests.swift in Sources */,
			);
			runOnlyForDeploymentPostprocessing = 0;
		};
/* End PBXSourcesBuildPhase section */

/* Begin PBXTargetDependency section */
		3E579E08256CFAE60063F3C6 /* PBXTargetDependency */ = {
			isa = PBXTargetDependency;
			target = 3E579DEF256CFAE40063F3C6 /* petMatch */;
			targetProxy = 3E579E07256CFAE60063F3C6 /* PBXContainerItemProxy */;
		};
		3E579E13256CFAE60063F3C6 /* PBXTargetDependency */ = {
			isa = PBXTargetDependency;
			target = 3E579DEF256CFAE40063F3C6 /* petMatch */;
			targetProxy = 3E579E12256CFAE60063F3C6 /* PBXContainerItemProxy */;
		};
/* End PBXTargetDependency section */

/* Begin PBXVariantGroup section */
		3E579DF9256CFAE40063F3C6 /* Main.storyboard */ = {
			isa = PBXVariantGroup;
			children = (
				3E579DFA256CFAE40063F3C6 /* Base */,
			);
			name = Main.storyboard;
			sourceTree = "<group>";
		};
		3E579DFE256CFAE60063F3C6 /* LaunchScreen.storyboard */ = {
			isa = PBXVariantGroup;
			children = (
				3E579DFF256CFAE60063F3C6 /* Base */,
			);
			name = LaunchScreen.storyboard;
			sourceTree = "<group>";
		};
/* End PBXVariantGroup section */

/* Begin XCBuildConfiguration section */
		3E579E18256CFAE60063F3C6 /* Debug */ = {
			isa = XCBuildConfiguration;
			buildSettings = {
				ALWAYS_SEARCH_USER_PATHS = NO;
				CLANG_ANALYZER_NONNULL = YES;
				CLANG_ANALYZER_NUMBER_OBJECT_CONVERSION = YES_AGGRESSIVE;
				CLANG_CXX_LANGUAGE_STANDARD = "gnu++14";
				CLANG_CXX_LIBRARY = "libc++";
				CLANG_ENABLE_MODULES = YES;
				CLANG_ENABLE_OBJC_ARC = YES;
				CLANG_ENABLE_OBJC_WEAK = YES;
				CLANG_WARN_BLOCK_CAPTURE_AUTORELEASING = YES;
				CLANG_WARN_BOOL_CONVERSION = YES;
				CLANG_WARN_COMMA = YES;
				CLANG_WARN_CONSTANT_CONVERSION = YES;
				CLANG_WARN_DEPRECATED_OBJC_IMPLEMENTATIONS = YES;
				CLANG_WARN_DIRECT_OBJC_ISA_USAGE = YES_ERROR;
				CLANG_WARN_DOCUMENTATION_COMMENTS = YES;
				CLANG_WARN_EMPTY_BODY = YES;
				CLANG_WARN_ENUM_CONVERSION = YES;
				CLANG_WARN_INFINITE_RECURSION = YES;
				CLANG_WARN_INT_CONVERSION = YES;
				CLANG_WARN_NON_LITERAL_NULL_CONVERSION = YES;
				CLANG_WARN_OBJC_IMPLICIT_RETAIN_SELF = YES;
				CLANG_WARN_OBJC_LITERAL_CONVERSION = YES;
				CLANG_WARN_OBJC_ROOT_CLASS = YES_ERROR;
				CLANG_WARN_QUOTED_INCLUDE_IN_FRAMEWORK_HEADER = YES;
				CLANG_WARN_RANGE_LOOP_ANALYSIS = YES;
				CLANG_WARN_STRICT_PROTOTYPES = YES;
				CLANG_WARN_SUSPICIOUS_MOVE = YES;
				CLANG_WARN_UNGUARDED_AVAILABILITY = YES_AGGRESSIVE;
				CLANG_WARN_UNREACHABLE_CODE = YES;
				CLANG_WARN__DUPLICATE_METHOD_MATCH = YES;
				COPY_PHASE_STRIP = NO;
				DEBUG_INFORMATION_FORMAT = dwarf;
				ENABLE_STRICT_OBJC_MSGSEND = YES;
				ENABLE_TESTABILITY = YES;
				GCC_C_LANGUAGE_STANDARD = gnu11;
				GCC_DYNAMIC_NO_PIC = NO;
				GCC_NO_COMMON_BLOCKS = YES;
				GCC_OPTIMIZATION_LEVEL = 0;
				GCC_PREPROCESSOR_DEFINITIONS = (
					"DEBUG=1",
					"$(inherited)",
				);
				GCC_WARN_64_TO_32_BIT_CONVERSION = YES;
				GCC_WARN_ABOUT_RETURN_TYPE = YES_ERROR;
				GCC_WARN_UNDECLARED_SELECTOR = YES;
				GCC_WARN_UNINITIALIZED_AUTOS = YES_AGGRESSIVE;
				GCC_WARN_UNUSED_FUNCTION = YES;
				GCC_WARN_UNUSED_VARIABLE = YES;
				IPHONEOS_DEPLOYMENT_TARGET = 14.2;
				MTL_ENABLE_DEBUG_INFO = INCLUDE_SOURCE;
				MTL_FAST_MATH = YES;
				ONLY_ACTIVE_ARCH = YES;
				SDKROOT = iphoneos;
				SWIFT_ACTIVE_COMPILATION_CONDITIONS = DEBUG;
				SWIFT_OPTIMIZATION_LEVEL = "-Onone";
			};
			name = Debug;
		};
		3E579E19256CFAE60063F3C6 /* Release */ = {
			isa = XCBuildConfiguration;
			buildSettings = {
				ALWAYS_SEARCH_USER_PATHS = NO;
				CLANG_ANALYZER_NONNULL = YES;
				CLANG_ANALYZER_NUMBER_OBJECT_CONVERSION = YES_AGGRESSIVE;
				CLANG_CXX_LANGUAGE_STANDARD = "gnu++14";
				CLANG_CXX_LIBRARY = "libc++";
				CLANG_ENABLE_MODULES = YES;
				CLANG_ENABLE_OBJC_ARC = YES;
				CLANG_ENABLE_OBJC_WEAK = YES;
				CLANG_WARN_BLOCK_CAPTURE_AUTORELEASING = YES;
				CLANG_WARN_BOOL_CONVERSION = YES;
				CLANG_WARN_COMMA = YES;
				CLANG_WARN_CONSTANT_CONVERSION = YES;
				CLANG_WARN_DEPRECATED_OBJC_IMPLEMENTATIONS = YES;
				CLANG_WARN_DIRECT_OBJC_ISA_USAGE = YES_ERROR;
				CLANG_WARN_DOCUMENTATION_COMMENTS = YES;
				CLANG_WARN_EMPTY_BODY = YES;
				CLANG_WARN_ENUM_CONVERSION = YES;
				CLANG_WARN_INFINITE_RECURSION = YES;
				CLANG_WARN_INT_CONVERSION = YES;
				CLANG_WARN_NON_LITERAL_NULL_CONVERSION = YES;
				CLANG_WARN_OBJC_IMPLICIT_RETAIN_SELF = YES;
				CLANG_WARN_OBJC_LITERAL_CONVERSION = YES;
				CLANG_WARN_OBJC_ROOT_CLASS = YES_ERROR;
				CLANG_WARN_QUOTED_INCLUDE_IN_FRAMEWORK_HEADER = YES;
				CLANG_WARN_RANGE_LOOP_ANALYSIS = YES;
				CLANG_WARN_STRICT_PROTOTYPES = YES;
				CLANG_WARN_SUSPICIOUS_MOVE = YES;
				CLANG_WARN_UNGUARDED_AVAILABILITY = YES_AGGRESSIVE;
				CLANG_WARN_UNREACHABLE_CODE = YES;
				CLANG_WARN__DUPLICATE_METHOD_MATCH = YES;
				COPY_PHASE_STRIP = NO;
				DEBUG_INFORMATION_FORMAT = "dwarf-with-dsym";
				ENABLE_NS_ASSERTIONS = NO;
				ENABLE_STRICT_OBJC_MSGSEND = YES;
				GCC_C_LANGUAGE_STANDARD = gnu11;
				GCC_NO_COMMON_BLOCKS = YES;
				GCC_WARN_64_TO_32_BIT_CONVERSION = YES;
				GCC_WARN_ABOUT_RETURN_TYPE = YES_ERROR;
				GCC_WARN_UNDECLARED_SELECTOR = YES;
				GCC_WARN_UNINITIALIZED_AUTOS = YES_AGGRESSIVE;
				GCC_WARN_UNUSED_FUNCTION = YES;
				GCC_WARN_UNUSED_VARIABLE = YES;
				IPHONEOS_DEPLOYMENT_TARGET = 14.2;
				MTL_ENABLE_DEBUG_INFO = NO;
				MTL_FAST_MATH = YES;
				SDKROOT = iphoneos;
				SWIFT_COMPILATION_MODE = wholemodule;
				SWIFT_OPTIMIZATION_LEVEL = "-O";
				VALIDATE_PRODUCT = YES;
			};
			name = Release;
		};
		3E579E1B256CFAE60063F3C6 /* Debug */ = {
			isa = XCBuildConfiguration;
			baseConfigurationReference = 280459D1E3D7CCB75A12CE70 /* Pods-petMatch.debug.xcconfig */;
			buildSettings = {
				ASSETCATALOG_COMPILER_APPICON_NAME = AppIcon;
				ASSETCATALOG_COMPILER_GLOBAL_ACCENT_COLOR_NAME = AccentColor;
				CODE_SIGN_STYLE = Automatic;
				DEVELOPMENT_TEAM = 7NPPKY49AP;
				INFOPLIST_FILE = petMatch/Info.plist;
				LD_RUNPATH_SEARCH_PATHS = (
					"$(inherited)",
					"@executable_path/Frameworks",
				);
				PRODUCT_BUNDLE_IDENTIFIER = "Womxn-Hacks.petMatch";
				PRODUCT_NAME = "$(TARGET_NAME)";
				SWIFT_VERSION = 5.0;
				TARGETED_DEVICE_FAMILY = "1,2";
			};
			name = Debug;
		};
		3E579E1C256CFAE60063F3C6 /* Release */ = {
			isa = XCBuildConfiguration;
			baseConfigurationReference = 6459998EAC7CDF6FB921C732 /* Pods-petMatch.release.xcconfig */;
			buildSettings = {
				ASSETCATALOG_COMPILER_APPICON_NAME = AppIcon;
				ASSETCATALOG_COMPILER_GLOBAL_ACCENT_COLOR_NAME = AccentColor;
				CODE_SIGN_STYLE = Automatic;
				DEVELOPMENT_TEAM = 7NPPKY49AP;
				INFOPLIST_FILE = petMatch/Info.plist;
				LD_RUNPATH_SEARCH_PATHS = (
					"$(inherited)",
					"@executable_path/Frameworks",
				);
				PRODUCT_BUNDLE_IDENTIFIER = "Womxn-Hacks.petMatch";
				PRODUCT_NAME = "$(TARGET_NAME)";
				SWIFT_VERSION = 5.0;
				TARGETED_DEVICE_FAMILY = "1,2";
			};
			name = Release;
		};
		3E579E1E256CFAE60063F3C6 /* Debug */ = {
			isa = XCBuildConfiguration;
			baseConfigurationReference = 21952210386FCB1DD7733F2E /* Pods-petMatchTests.debug.xcconfig */;
			buildSettings = {
				ALWAYS_EMBED_SWIFT_STANDARD_LIBRARIES = YES;
				BUNDLE_LOADER = "$(TEST_HOST)";
				CODE_SIGN_STYLE = Automatic;
				DEVELOPMENT_TEAM = 7NPPKY49AP;
				INFOPLIST_FILE = petMatchTests/Info.plist;
				IPHONEOS_DEPLOYMENT_TARGET = 14.2;
				LD_RUNPATH_SEARCH_PATHS = (
					"$(inherited)",
					"@executable_path/Frameworks",
					"@loader_path/Frameworks",
				);
				PRODUCT_BUNDLE_IDENTIFIER = "Womxn-Hacks.petMatchTests";
				PRODUCT_NAME = "$(TARGET_NAME)";
				SWIFT_VERSION = 5.0;
				TARGETED_DEVICE_FAMILY = "1,2";
				TEST_HOST = "$(BUILT_PRODUCTS_DIR)/petMatch.app/petMatch";
			};
			name = Debug;
		};
		3E579E1F256CFAE60063F3C6 /* Release */ = {
			isa = XCBuildConfiguration;
			baseConfigurationReference = 106939F0CEAA8F872A71D985 /* Pods-petMatchTests.release.xcconfig */;
			buildSettings = {
				ALWAYS_EMBED_SWIFT_STANDARD_LIBRARIES = YES;
				BUNDLE_LOADER = "$(TEST_HOST)";
				CODE_SIGN_STYLE = Automatic;
				DEVELOPMENT_TEAM = 7NPPKY49AP;
				INFOPLIST_FILE = petMatchTests/Info.plist;
				IPHONEOS_DEPLOYMENT_TARGET = 14.2;
				LD_RUNPATH_SEARCH_PATHS = (
					"$(inherited)",
					"@executable_path/Frameworks",
					"@loader_path/Frameworks",
				);
				PRODUCT_BUNDLE_IDENTIFIER = "Womxn-Hacks.petMatchTests";
				PRODUCT_NAME = "$(TARGET_NAME)";
				SWIFT_VERSION = 5.0;
				TARGETED_DEVICE_FAMILY = "1,2";
				TEST_HOST = "$(BUILT_PRODUCTS_DIR)/petMatch.app/petMatch";
			};
			name = Release;
		};
		3E579E21256CFAE60063F3C6 /* Debug */ = {
			isa = XCBuildConfiguration;
			baseConfigurationReference = A75671E040C928E48E49F979 /* Pods-petMatch-petMatchUITests.debug.xcconfig */;
			buildSettings = {
				ALWAYS_EMBED_SWIFT_STANDARD_LIBRARIES = YES;
				CODE_SIGN_STYLE = Automatic;
				DEVELOPMENT_TEAM = 7NPPKY49AP;
				INFOPLIST_FILE = petMatchUITests/Info.plist;
				LD_RUNPATH_SEARCH_PATHS = (
					"$(inherited)",
					"@executable_path/Frameworks",
					"@loader_path/Frameworks",
				);
				PRODUCT_BUNDLE_IDENTIFIER = "Womxn-Hacks.petMatchUITests";
				PRODUCT_NAME = "$(TARGET_NAME)";
				SWIFT_VERSION = 5.0;
				TARGETED_DEVICE_FAMILY = "1,2";
				TEST_TARGET_NAME = petMatch;
			};
			name = Debug;
		};
		3E579E22256CFAE60063F3C6 /* Release */ = {
			isa = XCBuildConfiguration;
			baseConfigurationReference = 5107249155BE311A1FD35D6E /* Pods-petMatch-petMatchUITests.release.xcconfig */;
			buildSettings = {
				ALWAYS_EMBED_SWIFT_STANDARD_LIBRARIES = YES;
				CODE_SIGN_STYLE = Automatic;
				DEVELOPMENT_TEAM = 7NPPKY49AP;
				INFOPLIST_FILE = petMatchUITests/Info.plist;
				LD_RUNPATH_SEARCH_PATHS = (
					"$(inherited)",
					"@executable_path/Frameworks",
					"@loader_path/Frameworks",
				);
				PRODUCT_BUNDLE_IDENTIFIER = "Womxn-Hacks.petMatchUITests";
				PRODUCT_NAME = "$(TARGET_NAME)";
				SWIFT_VERSION = 5.0;
				TARGETED_DEVICE_FAMILY = "1,2";
				TEST_TARGET_NAME = petMatch;
			};
			name = Release;
		};
/* End XCBuildConfiguration section */

/* Begin XCConfigurationList section */
		3E579DEB256CFAE40063F3C6 /* Build configuration list for PBXProject "petMatch" */ = {
			isa = XCConfigurationList;
			buildConfigurations = (
				3E579E18256CFAE60063F3C6 /* Debug */,
				3E579E19256CFAE60063F3C6 /* Release */,
			);
			defaultConfigurationIsVisible = 0;
			defaultConfigurationName = Release;
		};
		3E579E1A256CFAE60063F3C6 /* Build configuration list for PBXNativeTarget "petMatch" */ = {
			isa = XCConfigurationList;
			buildConfigurations = (
				3E579E1B256CFAE60063F3C6 /* Debug */,
				3E579E1C256CFAE60063F3C6 /* Release */,
			);
			defaultConfigurationIsVisible = 0;
			defaultConfigurationName = Release;
		};
		3E579E1D256CFAE60063F3C6 /* Build configuration list for PBXNativeTarget "petMatchTests" */ = {
			isa = XCConfigurationList;
			buildConfigurations = (
				3E579E1E256CFAE60063F3C6 /* Debug */,
				3E579E1F256CFAE60063F3C6 /* Release */,
			);
			defaultConfigurationIsVisible = 0;
			defaultConfigurationName = Release;
		};
		3E579E20256CFAE60063F3C6 /* Build configuration list for PBXNativeTarget "petMatchUITests" */ = {
			isa = XCConfigurationList;
			buildConfigurations = (
				3E579E21256CFAE60063F3C6 /* Debug */,
				3E579E22256CFAE60063F3C6 /* Release */,
			);
			defaultConfigurationIsVisible = 0;
			defaultConfigurationName = Release;
		};
/* End XCConfigurationList section */
	};
	rootObject = 3E579DE8256CFAE40063F3C6 /* Project object */;
}
